
Microsoft Visual Studio Solution File, Format Version 12.00
# Visual Studio Version 17
VisualStudioVersion = 17.8.34118.251
MinimumVisualStudioVersion = 10.0.40219.1
Project("{FAE04EC0-301F-11D3-BF4B-00C04F79EFBC}") = "WebApi", "WebApi\WebApi.csproj", "{B4F164D6-1190-4631-A738-074B5135B7B4}"
EndProject
Global
	GlobalSection(SolutionConfigurationPlatforms) = preSolution
		Debug|Any CPU = Debug|Any CPU
		Release|Any CPU = Release|Any CPU
	EndGlobalSection
	GlobalSection(ProjectConfigurationPlatforms) = postSolution
		{B4F164D6-1190-4631-A738-074B5135B7B4}.Debug|Any CPU.ActiveCfg = Debug|Any CPU
		{B4F164D6-1190-4631-A738-074B5135B7B4}.Debug|Any CPU.Build.0 = Debug|Any CPU
		{B4F164D6-1190-4631-A738-074B5135B7B4}.Release|Any CPU.ActiveCfg = Release|Any CPU
		{B4F164D6-1190-4631-A738-074B5135B7B4}.Release|Any CPU.Build.0 = Release|Any CPU
	EndGlobalSection
	GlobalSection(SolutionProperties) = preSolution
		HideSolutionNode = FALSE
	EndGlobalSection
	GlobalSection(ExtensibilityGlobals) = postSolution
		SolutionGuid = {1A458EBE-A05F-4A1A-9ED3-DA9BAF3516A6}
	EndGlobalSection
EndGlobal
